{
  "pins" : [
    {
      "identity" : "pure",
      "kind" : "remoteSourceControl",
      "location" : "https://github.com/devxoul/Pure",
      "state" : {
        "branch" : "master",
        "revision" : "486e5234cdac026aeae692fc4ff0665c7c7086f4"
      }
    },
    {
      "identity" : "rxswift",
      "kind" : "remoteSourceControl",
      "location" : "https://github.com/ReactiveX/RxSwift.git",
      "state" : {
        "branch" : "main",
        "revision" : "ab09f6966d5a14ffe6a7b960cc414ac85468b60b"
      }
    },
    {
      "identity" : "snapkit",
      "kind" : "remoteSourceControl",
      "location" : "https://github.com/SnapKit/SnapKit.git",
      "state" : {
        "revision" : "f222cbdf325885926566172f6f5f06af95473158",
        "version" : "5.6.0"
      }
    }
  ],
  "version" : 2
}
