// !$*UTF8*$!
{
	archiveVersion = 1;
	classes = {
	};
	objectVersion = 55;
	objects = {

/* Begin PBXBuildFile section */
		6529160B28F13CA5006244D2 /* AppDelegate.swift in Sources */ = {isa = PBXBuildFile; fileRef = 6529160A28F13CA5006244D2 /* AppDelegate.swift */; };
		6529160D28F13CA5006244D2 /* SceneDelegate.swift in Sources */ = {isa = PBXBuildFile; fileRef = 6529160C28F13CA5006244D2 /* SceneDelegate.swift */; };
		6529161428F13CA7006244D2 /* Assets.xcassets in Resources */ = {isa = PBXBuildFile; fileRef = 6529161328F13CA7006244D2 /* Assets.xcassets */; };
		6529161728F13CA7006244D2 /* LaunchScreen.storyboard in Resources */ = {isa = PBXBuildFile; fileRef = 6529161528F13CA7006244D2 /* LaunchScreen.storyboard */; };
		6529162728F13D45006244D2 /* RootViewController.swift in Sources */ = {isa = PBXBuildFile; fileRef = 6529162628F13D45006244D2 /* RootViewController.swift */; };
		6529162C28F13D81006244D2 /* HomeViewController.swift in Sources */ = {isa = PBXBuildFile; fileRef = 6529162B28F13D81006244D2 /* HomeViewController.swift */; };
		6529162E28F13D87006244D2 /* HomeViewModel.swift in Sources */ = {isa = PBXBuildFile; fileRef = 6529162D28F13D87006244D2 /* HomeViewModel.swift */; };
		6529163B28F13EF0006244D2 /* Coordinator.swift in Sources */ = {isa = PBXBuildFile; fileRef = 6529163A28F13EF0006244D2 /* Coordinator.swift */; };
		6529163F28F144A6006244D2 /* ViewModelType.swift in Sources */ = {isa = PBXBuildFile; fileRef = 6529163E28F144A6006244D2 /* ViewModelType.swift */; };
		6568999228F3DEA60023B744 /* RxCocoa in Frameworks */ = {isa = PBXBuildFile; productRef = 6568999128F3DEA60023B744 /* RxCocoa */; };
		6568999428F3DEA60023B744 /* RxSwift in Frameworks */ = {isa = PBXBuildFile; productRef = 6568999328F3DEA60023B744 /* RxSwift */; };
		6568999728F3E9880023B744 /* Developer.swift in Sources */ = {isa = PBXBuildFile; fileRef = 6568999628F3E9880023B744 /* Developer.swift */; };
		6568999928F3EA980023B744 /* LoginService.swift in Sources */ = {isa = PBXBuildFile; fileRef = 6568999828F3EA980023B744 /* LoginService.swift */; };
		6568999D28F3F7610023B744 /* SnapKit in Frameworks */ = {isa = PBXBuildFile; productRef = 6568999C28F3F7610023B744 /* SnapKit */; };
		659BE16028FC1048001F3E59 /* RootCoordinator.swift in Sources */ = {isa = PBXBuildFile; fileRef = 659BE15F28FC1048001F3E59 /* RootCoordinator.swift */; };
		659BE16328FC1156001F3E59 /* AppDependency.swift in Sources */ = {isa = PBXBuildFile; fileRef = 659BE16228FC1156001F3E59 /* AppDependency.swift */; };
		65A7562F28F55E82004C9B74 /* UserViewController.swift in Sources */ = {isa = PBXBuildFile; fileRef = 65A7562E28F55E82004C9B74 /* UserViewController.swift */; };
		65A7563128F55E87004C9B74 /* UserViewModel.swift in Sources */ = {isa = PBXBuildFile; fileRef = 65A7563028F55E87004C9B74 /* UserViewModel.swift */; };
/* End PBXBuildFile section */

/* Begin PBXFileReference section */
		6529160728F13CA5006244D2 /* SignatureMVVM.app */ = {isa = PBXFileReference; explicitFileType = wrapper.application; includeInIndex = 0; path = SignatureMVVM.app; sourceTree = BUILT_PRODUCTS_DIR; };
		6529160A28F13CA5006244D2 /* AppDelegate.swift */ = {isa = PBXFileReference; lastKnownFileType = sourcecode.swift; path = AppDelegate.swift; sourceTree = "<group>"; };
		6529160C28F13CA5006244D2 /* SceneDelegate.swift */ = {isa = PBXFileReference; lastKnownFileType = sourcecode.swift; path = SceneDelegate.swift; sourceTree = "<group>"; };
		6529161328F13CA7006244D2 /* Assets.xcassets */ = {isa = PBXFileReference; lastKnownFileType = folder.assetcatalog; path = Assets.xcassets; sourceTree = "<group>"; };
		6529161628F13CA7006244D2 /* Base */ = {isa = PBXFileReference; lastKnownFileType = file.storyboard; name = Base; path = Base.lproj/LaunchScreen.storyboard; sourceTree = "<group>"; };
		6529161828F13CA7006244D2 /* Info.plist */ = {isa = PBXFileReference; lastKnownFileType = text.plist.xml; path = Info.plist; sourceTree = "<group>"; };
		6529162628F13D45006244D2 /* RootViewController.swift */ = {isa = PBXFileReference; lastKnownFileType = sourcecode.swift; path = RootViewController.swift; sourceTree = "<group>"; };
		6529162B28F13D81006244D2 /* HomeViewController.swift */ = {isa = PBXFileReference; lastKnownFileType = sourcecode.swift; path = HomeViewController.swift; sourceTree = "<group>"; };
		6529162D28F13D87006244D2 /* HomeViewModel.swift */ = {isa = PBXFileReference; lastKnownFileType = sourcecode.swift; path = HomeViewModel.swift; sourceTree = "<group>"; };
		6529163A28F13EF0006244D2 /* Coordinator.swift */ = {isa = PBXFileReference; lastKnownFileType = sourcecode.swift; path = Coordinator.swift; sourceTree = "<group>"; };
		6529163E28F144A6006244D2 /* ViewModelType.swift */ = {isa = PBXFileReference; lastKnownFileType = sourcecode.swift; path = ViewModelType.swift; sourceTree = "<group>"; };
		6568999628F3E9880023B744 /* Developer.swift */ = {isa = PBXFileReference; lastKnownFileType = sourcecode.swift; path = Developer.swift; sourceTree = "<group>"; };
		6568999828F3EA980023B744 /* LoginService.swift */ = {isa = PBXFileReference; lastKnownFileType = sourcecode.swift; path = LoginService.swift; sourceTree = "<group>"; };
		659BE15F28FC1048001F3E59 /* RootCoordinator.swift */ = {isa = PBXFileReference; lastKnownFileType = sourcecode.swift; path = RootCoordinator.swift; sourceTree = "<group>"; };
		659BE16228FC1156001F3E59 /* AppDependency.swift */ = {isa = PBXFileReference; lastKnownFileType = sourcecode.swift; path = AppDependency.swift; sourceTree = "<group>"; };
		65A7562E28F55E82004C9B74 /* UserViewController.swift */ = {isa = PBXFileReference; lastKnownFileType = sourcecode.swift; path = UserViewController.swift; sourceTree = "<group>"; };
		65A7563028F55E87004C9B74 /* UserViewModel.swift */ = {isa = PBXFileReference; lastKnownFileType = sourcecode.swift; path = UserViewModel.swift; sourceTree = "<group>"; };
/* End PBXFileReference section */

/* Begin PBXFrameworksBuildPhase section */
		6529160428F13CA5006244D2 /* Frameworks */ = {
			isa = PBXFrameworksBuildPhase;
			buildActionMask = 2147483647;
			files = (
				6568999D28F3F7610023B744 /* SnapKit in Frameworks */,
				6568999428F3DEA60023B744 /* RxSwift in Frameworks */,
				6568999228F3DEA60023B744 /* RxCocoa in Frameworks */,
			);
			runOnlyForDeploymentPostprocessing = 0;
		};
/* End PBXFrameworksBuildPhase section */

/* Begin PBXGroup section */
		652915FE28F13CA5006244D2 = {
			isa = PBXGroup;
			children = (
				6529160928F13CA5006244D2 /* SignatureMVVM */,
				6529160828F13CA5006244D2 /* Products */,
			);
			sourceTree = "<group>";
		};
		6529160828F13CA5006244D2 /* Products */ = {
			isa = PBXGroup;
			children = (
				6529160728F13CA5006244D2 /* SignatureMVVM.app */,
			);
			name = Products;
			sourceTree = "<group>";
		};
		6529160928F13CA5006244D2 /* SignatureMVVM */ = {
			isa = PBXGroup;
			children = (
				6529161F28F13CBE006244D2 /* Resource */,
				6529161E28F13CB8006244D2 /* Source */,
			);
			path = SignatureMVVM;
			sourceTree = "<group>";
		};
		6529161E28F13CB8006244D2 /* Source */ = {
			isa = PBXGroup;
			children = (
				659BE16128FC10C0001F3E59 /* AppDependency */,
				6529162028F13CD3006244D2 /* LifeCycle */,
				6529163528F13E25006244D2 /* Coordinator */,
				6568999528F3E9810023B744 /* Model */,
				6568999A28F3F4380023B744 /* ViewModel */,
				6529163328F13E15006244D2 /* Service */,
				6529162128F13D02006244D2 /* ViewController */,
			);
			path = Source;
			sourceTree = "<group>";
		};
		6529161F28F13CBE006244D2 /* Resource */ = {
			isa = PBXGroup;
			children = (
				6529161328F13CA7006244D2 /* Assets.xcassets */,
				6529161528F13CA7006244D2 /* LaunchScreen.storyboard */,
				6529161828F13CA7006244D2 /* Info.plist */,
			);
			path = Resource;
			sourceTree = "<group>";
		};
		6529162028F13CD3006244D2 /* LifeCycle */ = {
			isa = PBXGroup;
			children = (
				6529160A28F13CA5006244D2 /* AppDelegate.swift */,
				6529160C28F13CA5006244D2 /* SceneDelegate.swift */,
			);
			path = LifeCycle;
			sourceTree = "<group>";
		};
		6529162128F13D02006244D2 /* ViewController */ = {
			isa = PBXGroup;
			children = (
				6529162428F13D2B006244D2 /* Root */,
				6529162528F13D2F006244D2 /* Home */,
				65A7562D28F55E6F004C9B74 /* User */,
			);
			path = ViewController;
			sourceTree = "<group>";
		};
		6529162428F13D2B006244D2 /* Root */ = {
			isa = PBXGroup;
			children = (
				6529162628F13D45006244D2 /* RootViewController.swift */,
			);
			path = Root;
			sourceTree = "<group>";
		};
		6529162528F13D2F006244D2 /* Home */ = {
			isa = PBXGroup;
			children = (
				6529162B28F13D81006244D2 /* HomeViewController.swift */,
				6529162D28F13D87006244D2 /* HomeViewModel.swift */,
			);
			path = Home;
			sourceTree = "<group>";
		};
		6529163328F13E15006244D2 /* Service */ = {
			isa = PBXGroup;
			children = (
				6568999828F3EA980023B744 /* LoginService.swift */,
			);
			path = Service;
			sourceTree = "<group>";
		};
		6529163528F13E25006244D2 /* Coordinator */ = {
			isa = PBXGroup;
			children = (
				6529163928F13EE9006244D2 /* Protocol */,
				659BE15F28FC1048001F3E59 /* RootCoordinator.swift */,
			);
			path = Coordinator;
			sourceTree = "<group>";
		};
		6529163928F13EE9006244D2 /* Protocol */ = {
			isa = PBXGroup;
			children = (
				6529163A28F13EF0006244D2 /* Coordinator.swift */,
			);
			path = Protocol;
			sourceTree = "<group>";
		};
		6568999528F3E9810023B744 /* Model */ = {
			isa = PBXGroup;
			children = (
				6568999628F3E9880023B744 /* Developer.swift */,
			);
			path = Model;
			sourceTree = "<group>";
		};
		6568999A28F3F4380023B744 /* ViewModel */ = {
			isa = PBXGroup;
			children = (
				6529163E28F144A6006244D2 /* ViewModelType.swift */,
			);
			path = ViewModel;
			sourceTree = "<group>";
		};
		659BE16128FC10C0001F3E59 /* AppDependency */ = {
			isa = PBXGroup;
			children = (
				659BE16228FC1156001F3E59 /* AppDependency.swift */,
			);
			path = AppDependency;
			sourceTree = "<group>";
		};
		65A7562D28F55E6F004C9B74 /* User */ = {
			isa = PBXGroup;
			children = (
				65A7562E28F55E82004C9B74 /* UserViewController.swift */,
				65A7563028F55E87004C9B74 /* UserViewModel.swift */,
			);
			path = User;
			sourceTree = "<group>";
		};
/* End PBXGroup section */

/* Begin PBXNativeTarget section */
		6529160628F13CA5006244D2 /* SignatureMVVM */ = {
			isa = PBXNativeTarget;
			buildConfigurationList = 6529161B28F13CA7006244D2 /* Build configuration list for PBXNativeTarget "SignatureMVVM" */;
			buildPhases = (
				6529160328F13CA5006244D2 /* Sources */,
				6529160428F13CA5006244D2 /* Frameworks */,
				6529160528F13CA5006244D2 /* Resources */,
			);
			buildRules = (
			);
			dependencies = (
			);
			name = SignatureMVVM;
			packageProductDependencies = (
				6568999128F3DEA60023B744 /* RxCocoa */,
				6568999328F3DEA60023B744 /* RxSwift */,
				6568999C28F3F7610023B744 /* SnapKit */,
			);
			productName = SignatureMVVM;
			productReference = 6529160728F13CA5006244D2 /* SignatureMVVM.app */;
			productType = "com.apple.product-type.application";
		};
/* End PBXNativeTarget section */

/* Begin PBXProject section */
		652915FF28F13CA5006244D2 /* Project object */ = {
			isa = PBXProject;
			attributes = {
				BuildIndependentTargetsInParallel = 1;
				LastSwiftUpdateCheck = 1340;
				LastUpgradeCheck = 1340;
				TargetAttributes = {
					6529160628F13CA5006244D2 = {
						CreatedOnToolsVersion = 13.4.1;
					};
				};
			};
			buildConfigurationList = 6529160228F13CA5006244D2 /* Build configuration list for PBXProject "SignatureMVVM" */;
			compatibilityVersion = "Xcode 13.0";
			developmentRegion = en;
			hasScannedForEncodings = 0;
			knownRegions = (
				en,
				Base,
			);
			mainGroup = 652915FE28F13CA5006244D2;
			packageReferences = (
				6568999028F3DEA60023B744 /* XCRemoteSwiftPackageReference "RxSwift" */,
				6568999B28F3F7610023B744 /* XCRemoteSwiftPackageReference "SnapKit" */,
			);
			productRefGroup = 6529160828F13CA5006244D2 /* Products */;
			projectDirPath = "";
			projectRoot = "";
			targets = (
				6529160628F13CA5006244D2 /* SignatureMVVM */,
			);
		};
/* End PBXProject section */

/* Begin PBXResourcesBuildPhase section */
		6529160528F13CA5006244D2 /* Resources */ = {
			isa = PBXResourcesBuildPhase;
			buildActionMask = 2147483647;
			files = (
				6529161728F13CA7006244D2 /* LaunchScreen.storyboard in Resources */,
				6529161428F13CA7006244D2 /* Assets.xcassets in Resources */,
			);
			runOnlyForDeploymentPostprocessing = 0;
		};
/* End PBXResourcesBuildPhase section */

/* Begin PBXSourcesBuildPhase section */
		6529160328F13CA5006244D2 /* Sources */ = {
			isa = PBXSourcesBuildPhase;
			buildActionMask = 2147483647;
			files = (
				6529163F28F144A6006244D2 /* ViewModelType.swift in Sources */,
				65A7562F28F55E82004C9B74 /* UserViewController.swift in Sources */,
				6568999928F3EA980023B744 /* LoginService.swift in Sources */,
				6529162C28F13D81006244D2 /* HomeViewController.swift in Sources */,
				6529162E28F13D87006244D2 /* HomeViewModel.swift in Sources */,
				6529160B28F13CA5006244D2 /* AppDelegate.swift in Sources */,
				659BE16328FC1156001F3E59 /* AppDependency.swift in Sources */,
				6529160D28F13CA5006244D2 /* SceneDelegate.swift in Sources */,
				65A7563128F55E87004C9B74 /* UserViewModel.swift in Sources */,
				6529162728F13D45006244D2 /* RootViewController.swift in Sources */,
				659BE16028FC1048001F3E59 /* RootCoordinator.swift in Sources */,
				6568999728F3E9880023B744 /* Developer.swift in Sources */,
				6529163B28F13EF0006244D2 /* Coordinator.swift in Sources */,
			);
			runOnlyForDeploymentPostprocessing = 0;
		};
/* End PBXSourcesBuildPhase section */

/* Begin PBXVariantGroup section */
		6529161528F13CA7006244D2 /* LaunchScreen.storyboard */ = {
			isa = PBXVariantGroup;
			children = (
				6529161628F13CA7006244D2 /* Base */,
			);
			name = LaunchScreen.storyboard;
			sourceTree = "<group>";
		};
/* End PBXVariantGroup section */

/* Begin XCBuildConfiguration section */
		6529161928F13CA7006244D2 /* Debug */ = {
			isa = XCBuildConfiguration;
			buildSettings = {
				ALWAYS_SEARCH_USER_PATHS = NO;
				CLANG_ANALYZER_NONNULL = YES;
				CLANG_ANALYZER_NUMBER_OBJECT_CONVERSION = YES_AGGRESSIVE;
				CLANG_CXX_LANGUAGE_STANDARD = "gnu++17";
				CLANG_ENABLE_MODULES = YES;
				CLANG_ENABLE_OBJC_ARC = YES;
				CLANG_ENABLE_OBJC_WEAK = YES;
				CLANG_WARN_BLOCK_CAPTURE_AUTORELEASING = YES;
				CLANG_WARN_BOOL_CONVERSION = YES;
				CLANG_WARN_COMMA = YES;
				CLANG_WARN_CONSTANT_CONVERSION = YES;
				CLANG_WARN_DEPRECATED_OBJC_IMPLEMENTATIONS = YES;
				CLANG_WARN_DIRECT_OBJC_ISA_USAGE = YES_ERROR;
				CLANG_WARN_DOCUMENTATION_COMMENTS = YES;
				CLANG_WARN_EMPTY_BODY = YES;
				CLANG_WARN_ENUM_CONVERSION = YES;
				CLANG_WARN_INFINITE_RECURSION = YES;
				CLANG_WARN_INT_CONVERSION = YES;
				CLANG_WARN_NON_LITERAL_NULL_CONVERSION = YES;
				CLANG_WARN_OBJC_IMPLICIT_RETAIN_SELF = YES;
				CLANG_WARN_OBJC_LITERAL_CONVERSION = YES;
				CLANG_WARN_OBJC_ROOT_CLASS = YES_ERROR;
				CLANG_WARN_QUOTED_INCLUDE_IN_FRAMEWORK_HEADER = YES;
				CLANG_WARN_RANGE_LOOP_ANALYSIS = YES;
				CLANG_WARN_STRICT_PROTOTYPES = YES;
				CLANG_WARN_SUSPICIOUS_MOVE = YES;
				CLANG_WARN_UNGUARDED_AVAILABILITY = YES_AGGRESSIVE;
				CLANG_WARN_UNREACHABLE_CODE = YES;
				CLANG_WARN__DUPLICATE_METHOD_MATCH = YES;
				COPY_PHASE_STRIP = NO;
				DEBUG_INFORMATION_FORMAT = dwarf;
				ENABLE_STRICT_OBJC_MSGSEND = YES;
				ENABLE_TESTABILITY = YES;
				GCC_C_LANGUAGE_STANDARD = gnu11;
				GCC_DYNAMIC_NO_PIC = NO;
				GCC_NO_COMMON_BLOCKS = YES;
				GCC_OPTIMIZATION_LEVEL = 0;
				GCC_PREPROCESSOR_DEFINITIONS = (
					"DEBUG=1",
					"$(inherited)",
				);
				GCC_WARN_64_TO_32_BIT_CONVERSION = YES;
				GCC_WARN_ABOUT_RETURN_TYPE = YES_ERROR;
				GCC_WARN_UNDECLARED_SELECTOR = YES;
				GCC_WARN_UNINITIALIZED_AUTOS = YES_AGGRESSIVE;
				GCC_WARN_UNUSED_FUNCTION = YES;
				GCC_WARN_UNUSED_VARIABLE = YES;
				IPHONEOS_DEPLOYMENT_TARGET = 15.5;
				MTL_ENABLE_DEBUG_INFO = INCLUDE_SOURCE;
				MTL_FAST_MATH = YES;
				ONLY_ACTIVE_ARCH = YES;
				SDKROOT = iphoneos;
				SWIFT_ACTIVE_COMPILATION_CONDITIONS = DEBUG;
				SWIFT_OPTIMIZATION_LEVEL = "-Onone";
			};
			name = Debug;
		};
		6529161A28F13CA7006244D2 /* Release */ = {
			isa = XCBuildConfiguration;
			buildSettings = {
				ALWAYS_SEARCH_USER_PATHS = NO;
				CLANG_ANALYZER_NONNULL = YES;
				CLANG_ANALYZER_NUMBER_OBJECT_CONVERSION = YES_AGGRESSIVE;
				CLANG_CXX_LANGUAGE_STANDARD = "gnu++17";
				CLANG_ENABLE_MODULES = YES;
				CLANG_ENABLE_OBJC_ARC = YES;
				CLANG_ENABLE_OBJC_WEAK = YES;
				CLANG_WARN_BLOCK_CAPTURE_AUTORELEASING = YES;
				CLANG_WARN_BOOL_CONVERSION = YES;
				CLANG_WARN_COMMA = YES;
				CLANG_WARN_CONSTANT_CONVERSION = YES;
				CLANG_WARN_DEPRECATED_OBJC_IMPLEMENTATIONS = YES;
				CLANG_WARN_DIRECT_OBJC_ISA_USAGE = YES_ERROR;
				CLANG_WARN_DOCUMENTATION_COMMENTS = YES;
				CLANG_WARN_EMPTY_BODY = YES;
				CLANG_WARN_ENUM_CONVERSION = YES;
				CLANG_WARN_INFINITE_RECURSION = YES;
				CLANG_WARN_INT_CONVERSION = YES;
				CLANG_WARN_NON_LITERAL_NULL_CONVERSION = YES;
				CLANG_WARN_OBJC_IMPLICIT_RETAIN_SELF = YES;
				CLANG_WARN_OBJC_LITERAL_CONVERSION = YES;
				CLANG_WARN_OBJC_ROOT_CLASS = YES_ERROR;
				CLANG_WARN_QUOTED_INCLUDE_IN_FRAMEWORK_HEADER = YES;
				CLANG_WARN_RANGE_LOOP_ANALYSIS = YES;
				CLANG_WARN_STRICT_PROTOTYPES = YES;
				CLANG_WARN_SUSPICIOUS_MOVE = YES;
				CLANG_WARN_UNGUARDED_AVAILABILITY = YES_AGGRESSIVE;
				CLANG_WARN_UNREACHABLE_CODE = YES;
				CLANG_WARN__DUPLICATE_METHOD_MATCH = YES;
				COPY_PHASE_STRIP = NO;
				DEBUG_INFORMATION_FORMAT = "dwarf-with-dsym";
				ENABLE_NS_ASSERTIONS = NO;
				ENABLE_STRICT_OBJC_MSGSEND = YES;
				GCC_C_LANGUAGE_STANDARD = gnu11;
				GCC_NO_COMMON_BLOCKS = YES;
				GCC_WARN_64_TO_32_BIT_CONVERSION = YES;
				GCC_WARN_ABOUT_RETURN_TYPE = YES_ERROR;
				GCC_WARN_UNDECLARED_SELECTOR = YES;
				GCC_WARN_UNINITIALIZED_AUTOS = YES_AGGRESSIVE;
				GCC_WARN_UNUSED_FUNCTION = YES;
				GCC_WARN_UNUSED_VARIABLE = YES;
				IPHONEOS_DEPLOYMENT_TARGET = 15.5;
				MTL_ENABLE_DEBUG_INFO = NO;
				MTL_FAST_MATH = YES;
				SDKROOT = iphoneos;
				SWIFT_COMPILATION_MODE = wholemodule;
				SWIFT_OPTIMIZATION_LEVEL = "-O";
				VALIDATE_PRODUCT = YES;
			};
			name = Release;
		};
		6529161C28F13CA7006244D2 /* Debug */ = {
			isa = XCBuildConfiguration;
			buildSettings = {
				ASSETCATALOG_COMPILER_APPICON_NAME = AppIcon;
				ASSETCATALOG_COMPILER_GLOBAL_ACCENT_COLOR_NAME = AccentColor;
				CODE_SIGN_STYLE = Automatic;
				CURRENT_PROJECT_VERSION = 1;
				DEVELOPMENT_TEAM = P7PUGAUP8K;
				GENERATE_INFOPLIST_FILE = YES;
				INFOPLIST_FILE = SignatureMVVM/Resource/Info.plist;
				INFOPLIST_KEY_UIApplicationSupportsIndirectInputEvents = YES;
				INFOPLIST_KEY_UILaunchStoryboardName = LaunchScreen;
				INFOPLIST_KEY_UISupportedInterfaceOrientations_iPad = "UIInterfaceOrientationPortrait UIInterfaceOrientationPortraitUpsideDown UIInterfaceOrientationLandscapeLeft UIInterfaceOrientationLandscapeRight";
				INFOPLIST_KEY_UISupportedInterfaceOrientations_iPhone = "UIInterfaceOrientationPortrait UIInterfaceOrientationLandscapeLeft UIInterfaceOrientationLandscapeRight";
				IPHONEOS_DEPLOYMENT_TARGET = 13.0;
				LD_RUNPATH_SEARCH_PATHS = (
					"$(inherited)",
					"@executable_path/Frameworks",
				);
				MARKETING_VERSION = 1.0;
				PRODUCT_BUNDLE_IDENTIFIER = com.kakatocs.SignatureMVVM;
				PRODUCT_NAME = "$(TARGET_NAME)";
				SWIFT_EMIT_LOC_STRINGS = YES;
				SWIFT_VERSION = 5.0;
				TARGETED_DEVICE_FAMILY = "1,2";
			};
			name = Debug;
		};
		6529161D28F13CA7006244D2 /* Release */ = {
			isa = XCBuildConfiguration;
			buildSettings = {
				ASSETCATALOG_COMPILER_APPICON_NAME = AppIcon;
				ASSETCATALOG_COMPILER_GLOBAL_ACCENT_COLOR_NAME = AccentColor;
				CODE_SIGN_STYLE = Automatic;
				CURRENT_PROJECT_VERSION = 1;
				DEVELOPMENT_TEAM = P7PUGAUP8K;
				GENERATE_INFOPLIST_FILE = YES;
				INFOPLIST_FILE = SignatureMVVM/Resource/Info.plist;
				INFOPLIST_KEY_UIApplicationSupportsIndirectInputEvents = YES;
				INFOPLIST_KEY_UILaunchStoryboardName = LaunchScreen;
				INFOPLIST_KEY_UISupportedInterfaceOrientations_iPad = "UIInterfaceOrientationPortrait UIInterfaceOrientationPortraitUpsideDown UIInterfaceOrientationLandscapeLeft UIInterfaceOrientationLandscapeRight";
				INFOPLIST_KEY_UISupportedInterfaceOrientations_iPhone = "UIInterfaceOrientationPortrait UIInterfaceOrientationLandscapeLeft UIInterfaceOrientationLandscapeRight";
				IPHONEOS_DEPLOYMENT_TARGET = 13.0;
				LD_RUNPATH_SEARCH_PATHS = (
					"$(inherited)",
					"@executable_path/Frameworks",
				);
				MARKETING_VERSION = 1.0;
				PRODUCT_BUNDLE_IDENTIFIER = com.kakatocs.SignatureMVVM;
				PRODUCT_NAME = "$(TARGET_NAME)";
				SWIFT_EMIT_LOC_STRINGS = YES;
				SWIFT_VERSION = 5.0;
				TARGETED_DEVICE_FAMILY = "1,2";
			};
			name = Release;
		};
/* End XCBuildConfiguration section */

/* Begin XCConfigurationList section */
		6529160228F13CA5006244D2 /* Build configuration list for PBXProject "SignatureMVVM" */ = {
			isa = XCConfigurationList;
			buildConfigurations = (
				6529161928F13CA7006244D2 /* Debug */,
				6529161A28F13CA7006244D2 /* Release */,
			);
			defaultConfigurationIsVisible = 0;
			defaultConfigurationName = Release;
		};
		6529161B28F13CA7006244D2 /* Build configuration list for PBXNativeTarget "SignatureMVVM" */ = {
			isa = XCConfigurationList;
			buildConfigurations = (
				6529161C28F13CA7006244D2 /* Debug */,
				6529161D28F13CA7006244D2 /* Release */,
			);
			defaultConfigurationIsVisible = 0;
			defaultConfigurationName = Release;
		};
/* End XCConfigurationList section */

/* Begin XCRemoteSwiftPackageReference section */
		6568999028F3DEA60023B744 /* XCRemoteSwiftPackageReference "RxSwift" */ = {
			isa = XCRemoteSwiftPackageReference;
			repositoryURL = "https://github.com/ReactiveX/RxSwift.git";
			requirement = {
				branch = main;
				kind = branch;
			};
		};
		6568999B28F3F7610023B744 /* XCRemoteSwiftPackageReference "SnapKit" */ = {
			isa = XCRemoteSwiftPackageReference;
			repositoryURL = "https://github.com/SnapKit/SnapKit.git";
			requirement = {
				kind = upToNextMajorVersion;
				minimumVersion = 5.0.0;
			};
		};
/* End XCRemoteSwiftPackageReference section */

/* Begin XCSwiftPackageProductDependency section */
		6568999128F3DEA60023B744 /* RxCocoa */ = {
			isa = XCSwiftPackageProductDependency;
			package = 6568999028F3DEA60023B744 /* XCRemoteSwiftPackageReference "RxSwift" */;
			productName = RxCocoa;
		};
		6568999328F3DEA60023B744 /* RxSwift */ = {
			isa = XCSwiftPackageProductDependency;
			package = 6568999028F3DEA60023B744 /* XCRemoteSwiftPackageReference "RxSwift" */;
			productName = RxSwift;
		};
		6568999C28F3F7610023B744 /* SnapKit */ = {
			isa = XCSwiftPackageProductDependency;
			package = 6568999B28F3F7610023B744 /* XCRemoteSwiftPackageReference "SnapKit" */;
			productName = SnapKit;
		};
/* End XCSwiftPackageProductDependency section */
	};
	rootObject = 652915FF28F13CA5006244D2 /* Project object */;
}
